// !$*UTF8*$!
{
	archiveVersion = 1;
	classes = {
	};
	objectVersion = 56;
	objects = {

/* Begin PBXBuildFile section */
		B729B2902A092B3C00652FC3 /* SwiftChartsExamplesApp.swift in Sources */ = {isa = PBXBuildFile; fileRef = B729B28F2A092B3C00652FC3 /* SwiftChartsExamplesApp.swift */; };
		B729B2922A092B3C00652FC3 /* ChartsExamplesScreen.swift in Sources */ = {isa = PBXBuildFile; fileRef = B729B2912A092B3C00652FC3 /* ChartsExamplesScreen.swift */; };
		B729B2942A092B3D00652FC3 /* Assets.xcassets in Resources */ = {isa = PBXBuildFile; fileRef = B729B2932A092B3D00652FC3 /* Assets.xcassets */; };
		B729B2972A092B3D00652FC3 /* Preview Assets.xcassets in Resources */ = {isa = PBXBuildFile; fileRef = B729B2962A092B3D00652FC3 /* Preview Assets.xcassets */; };
		B729B29E2A092B9300652FC3 /* ChartsView.swift in Sources */ = {isa = PBXBuildFile; fileRef = B729B29D2A092B9300652FC3 /* ChartsView.swift */; };
		B729B2A02A092BBC00652FC3 /* ChartsViewModel.swift in Sources */ = {isa = PBXBuildFile; fileRef = B729B29F2A092BBC00652FC3 /* ChartsViewModel.swift */; };
		B729B2A22A092BE300652FC3 /* ControlsView.swift in Sources */ = {isa = PBXBuildFile; fileRef = B729B2A12A092BE300652FC3 /* ControlsView.swift */; };
		B729B2A42A092BF500652FC3 /* ChartContainerView.swift in Sources */ = {isa = PBXBuildFile; fileRef = B729B2A32A092BF500652FC3 /* ChartContainerView.swift */; };
		B729B2A62A092C0200652FC3 /* Types.swift in Sources */ = {isa = PBXBuildFile; fileRef = B729B2A52A092C0200652FC3 /* Types.swift */; };
/* End PBXBuildFile section */

/* Begin PBXFileReference section */
		B729B28C2A092B3C00652FC3 /* SwiftChartsExamples.app */ = {isa = PBXFileReference; explicitFileType = wrapper.application; includeInIndex = 0; path = SwiftChartsExamples.app; sourceTree = BUILT_PRODUCTS_DIR; };
		B729B28F2A092B3C00652FC3 /* SwiftChartsExamplesApp.swift */ = {isa = PBXFileReference; lastKnownFileType = sourcecode.swift; path = SwiftChartsExamplesApp.swift; sourceTree = "<group>"; };
		B729B2912A092B3C00652FC3 /* ChartsExamplesScreen.swift */ = {isa = PBXFileReference; lastKnownFileType = sourcecode.swift; path = ChartsExamplesScreen.swift; sourceTree = "<group>"; };
		B729B2932A092B3D00652FC3 /* Assets.xcassets */ = {isa = PBXFileReference; lastKnownFileType = folder.assetcatalog; path = Assets.xcassets; sourceTree = "<group>"; };
		B729B2962A092B3D00652FC3 /* Preview Assets.xcassets */ = {isa = PBXFileReference; lastKnownFileType = folder.assetcatalog; path = "Preview Assets.xcassets"; sourceTree = "<group>"; };
		B729B29D2A092B9300652FC3 /* ChartsView.swift */ = {isa = PBXFileReference; lastKnownFileType = sourcecode.swift; path = ChartsView.swift; sourceTree = "<group>"; };
		B729B29F2A092BBC00652FC3 /* ChartsViewModel.swift */ = {isa = PBXFileReference; lastKnownFileType = sourcecode.swift; path = ChartsViewModel.swift; sourceTree = "<group>"; };
		B729B2A12A092BE300652FC3 /* ControlsView.swift */ = {isa = PBXFileReference; lastKnownFileType = sourcecode.swift; path = ControlsView.swift; sourceTree = "<group>"; };
		B729B2A32A092BF500652FC3 /* ChartContainerView.swift */ = {isa = PBXFileReference; lastKnownFileType = sourcecode.swift; path = ChartContainerView.swift; sourceTree = "<group>"; };
		B729B2A52A092C0200652FC3 /* Types.swift */ = {isa = PBXFileReference; lastKnownFileType = sourcecode.swift; path = Types.swift; sourceTree = "<group>"; };
/* End PBXFileReference section */

/* Begin PBXFrameworksBuildPhase section */
		B729B2892A092B3C00652FC3 /* Frameworks */ = {
			isa = PBXFrameworksBuildPhase;
			buildActionMask = 2147483647;
			files = (
			);
			runOnlyForDeploymentPostprocessing = 0;
		};
/* End PBXFrameworksBuildPhase section */

/* Begin PBXGroup section */
		B729B2832A092B3C00652FC3 = {
			isa = PBXGroup;
			children = (
				B729B28E2A092B3C00652FC3 /* SwiftChartsExamples */,
				B729B28D2A092B3C00652FC3 /* Products */,
			);
			sourceTree = "<group>";
		};
		B729B28D2A092B3C00652FC3 /* Products */ = {
			isa = PBXGroup;
			children = (
				B729B28C2A092B3C00652FC3 /* SwiftChartsExamples.app */,
			);
			name = Products;
			sourceTree = "<group>";
		};
		B729B28E2A092B3C00652FC3 /* SwiftChartsExamples */ = {
			isa = PBXGroup;
			children = (
				B729B28F2A092B3C00652FC3 /* SwiftChartsExamplesApp.swift */,
				B729B2A92A092D2D00652FC3 /* ChartsExamplesScreen */,
				B729B2932A092B3D00652FC3 /* Assets.xcassets */,
				B729B2952A092B3D00652FC3 /* Preview Content */,
			);
			path = SwiftChartsExamples;
			sourceTree = "<group>";
		};
		B729B2952A092B3D00652FC3 /* Preview Content */ = {
			isa = PBXGroup;
			children = (
				B729B2962A092B3D00652FC3 /* Preview Assets.xcassets */,
			);
			path = "Preview Content";
			sourceTree = "<group>";
		};
		B729B2A72A092D0600652FC3 /* View */ = {
			isa = PBXGroup;
			children = (
				B729B29D2A092B9300652FC3 /* ChartsView.swift */,
				B729B2A12A092BE300652FC3 /* ControlsView.swift */,
				B729B2A32A092BF500652FC3 /* ChartContainerView.swift */,
			);
			path = View;
			sourceTree = "<group>";
		};
		B729B2A82A092D0F00652FC3 /* ViewModel */ = {
			isa = PBXGroup;
			children = (
				B729B2A52A092C0200652FC3 /* Types.swift */,
				B729B29F2A092BBC00652FC3 /* ChartsViewModel.swift */,
			);
			path = ViewModel;
			sourceTree = "<group>";
		};
		B729B2A92A092D2D00652FC3 /* ChartsExamplesScreen */ = {
			isa = PBXGroup;
			children = (
				B729B2912A092B3C00652FC3 /* ChartsExamplesScreen.swift */,
				B729B2A72A092D0600652FC3 /* View */,
				B729B2A82A092D0F00652FC3 /* ViewModel */,
			);
			path = ChartsExamplesScreen;
			sourceTree = "<group>";
		};
/* End PBXGroup section */

/* Begin PBXNativeTarget section */
		B729B28B2A092B3C00652FC3 /* SwiftChartsExamples */ = {
			isa = PBXNativeTarget;
			buildConfigurationList = B729B29A2A092B3D00652FC3 /* Build configuration list for PBXNativeTarget "SwiftChartsExamples" */;
			buildPhases = (
				B729B2882A092B3C00652FC3 /* Sources */,
				B729B2892A092B3C00652FC3 /* Frameworks */,
				B729B28A2A092B3C00652FC3 /* Resources */,
			);
			buildRules = (
			);
			dependencies = (
			);
			name = SwiftChartsExamples;
			productName = SwiftChartsExamples;
			productReference = B729B28C2A092B3C00652FC3 /* SwiftChartsExamples.app */;
			productType = "com.apple.product-type.application";
		};
/* End PBXNativeTarget section */

/* Begin PBXProject section */
		B729B2842A092B3C00652FC3 /* Project object */ = {
			isa = PBXProject;
			attributes = {
				BuildIndependentTargetsInParallel = 1;
				LastSwiftUpdateCheck = 1400;
				LastUpgradeCheck = 1400;
				TargetAttributes = {
					B729B28B2A092B3C00652FC3 = {
						CreatedOnToolsVersion = 14.0;
					};
				};
			};
			buildConfigurationList = B729B2872A092B3C00652FC3 /* Build configuration list for PBXProject "SwiftChartsExamples" */;
			compatibilityVersion = "Xcode 14.0";
			developmentRegion = en;
			hasScannedForEncodings = 0;
			knownRegions = (
				en,
				Base,
			);
			mainGroup = B729B2832A092B3C00652FC3;
			productRefGroup = B729B28D2A092B3C00652FC3 /* Products */;
			projectDirPath = "";
			projectRoot = "";
			targets = (
				B729B28B2A092B3C00652FC3 /* SwiftChartsExamples */,
			);
		};
/* End PBXProject section */

/* Begin PBXResourcesBuildPhase section */
		B729B28A2A092B3C00652FC3 /* Resources */ = {
			isa = PBXResourcesBuildPhase;
			buildActionMask = 2147483647;
			files = (
				B729B2972A092B3D00652FC3 /* Preview Assets.xcassets in Resources */,
				B729B2942A092B3D00652FC3 /* Assets.xcassets in Resources */,
			);
			runOnlyForDeploymentPostprocessing = 0;
		};
/* End PBXResourcesBuildPhase section */

/* Begin PBXSourcesBuildPhase section */
		B729B2882A092B3C00652FC3 /* Sources */ = {
			isa = PBXSourcesBuildPhase;
			buildActionMask = 2147483647;
			files = (
				B729B2922A092B3C00652FC3 /* ChartsExamplesScreen.swift in Sources */,
				B729B2A02A092BBC00652FC3 /* ChartsViewModel.swift in Sources */,
				B729B2902A092B3C00652FC3 /* SwiftChartsExamplesApp.swift in Sources */,
				B729B2A62A092C0200652FC3 /* Types.swift in Sources */,
				B729B2A42A092BF500652FC3 /* ChartContainerView.swift in Sources */,
				B729B2A22A092BE300652FC3 /* ControlsView.swift in Sources */,
				B729B29E2A092B9300652FC3 /* ChartsView.swift in Sources */,
			);
			runOnlyForDeploymentPostprocessing = 0;
		};
/* End PBXSourcesBuildPhase section */

/* Begin XCBuildConfiguration section */
		B729B2982A092B3D00652FC3 /* Debug */ = {
			isa = XCBuildConfiguration;
			buildSettings = {
				ALWAYS_SEARCH_USER_PATHS = NO;
				CLANG_ANALYZER_NONNULL = YES;
				CLANG_ANALYZER_NUMBER_OBJECT_CONVERSION = YES_AGGRESSIVE;
				CLANG_CXX_LANGUAGE_STANDARD = "gnu++20";
				CLANG_ENABLE_MODULES = YES;
				CLANG_ENABLE_OBJC_ARC = YES;
				CLANG_ENABLE_OBJC_WEAK = YES;
				CLANG_WARN_BLOCK_CAPTURE_AUTORELEASING = YES;
				CLANG_WARN_BOOL_CONVERSION = YES;
				CLANG_WARN_COMMA = YES;
				CLANG_WARN_CONSTANT_CONVERSION = YES;
				CLANG_WARN_DEPRECATED_OBJC_IMPLEMENTATIONS = YES;
				CLANG_WARN_DIRECT_OBJC_ISA_USAGE = YES_ERROR;
				CLANG_WARN_DOCUMENTATION_COMMENTS = YES;
				CLANG_WARN_EMPTY_BODY = YES;
				CLANG_WARN_ENUM_CONVERSION = YES;
				CLANG_WARN_INFINITE_RECURSION = YES;
				CLANG_WARN_INT_CONVERSION = YES;
				CLANG_WARN_NON_LITERAL_NULL_CONVERSION = YES;
				CLANG_WARN_OBJC_IMPLICIT_RETAIN_SELF = YES;
				CLANG_WARN_OBJC_LITERAL_CONVERSION = YES;
				CLANG_WARN_OBJC_ROOT_CLASS = YES_ERROR;
				CLANG_WARN_QUOTED_INCLUDE_IN_FRAMEWORK_HEADER = YES;
				CLANG_WARN_RANGE_LOOP_ANALYSIS = YES;
				CLANG_WARN_STRICT_PROTOTYPES = YES;
				CLANG_WARN_SUSPICIOUS_MOVE = YES;
				CLANG_WARN_UNGUARDED_AVAILABILITY = YES_AGGRESSIVE;
				CLANG_WARN_UNREACHABLE_CODE = YES;
				CLANG_WARN__DUPLICATE_METHOD_MATCH = YES;
				COPY_PHASE_STRIP = NO;
				DEBUG_INFORMATION_FORMAT = dwarf;
				ENABLE_STRICT_OBJC_MSGSEND = YES;
				ENABLE_TESTABILITY = YES;
				GCC_C_LANGUAGE_STANDARD = gnu11;
				GCC_DYNAMIC_NO_PIC = NO;
				GCC_NO_COMMON_BLOCKS = YES;
				GCC_OPTIMIZATION_LEVEL = 0;
				GCC_PREPROCESSOR_DEFINITIONS = (
					"DEBUG=1",
					"$(inherited)",
				);
				GCC_WARN_64_TO_32_BIT_CONVERSION = YES;
				GCC_WARN_ABOUT_RETURN_TYPE = YES_ERROR;
				GCC_WARN_UNDECLARED_SELECTOR = YES;
				GCC_WARN_UNINITIALIZED_AUTOS = YES_AGGRESSIVE;
				GCC_WARN_UNUSED_FUNCTION = YES;
				GCC_WARN_UNUSED_VARIABLE = YES;
				IPHONEOS_DEPLOYMENT_TARGET = 16.0;
				MTL_ENABLE_DEBUG_INFO = INCLUDE_SOURCE;
				MTL_FAST_MATH = YES;
				ONLY_ACTIVE_ARCH = YES;
				SDKROOT = iphoneos;
				SWIFT_ACTIVE_COMPILATION_CONDITIONS = DEBUG;
				SWIFT_OPTIMIZATION_LEVEL = "-Onone";
			};
			name = Debug;
		};
		B729B2992A092B3D00652FC3 /* Release */ = {
			isa = XCBuildConfiguration;
			buildSettings = {
				ALWAYS_SEARCH_USER_PATHS = NO;
				CLANG_ANALYZER_NONNULL = YES;
				CLANG_ANALYZER_NUMBER_OBJECT_CONVERSION = YES_AGGRESSIVE;
				CLANG_CXX_LANGUAGE_STANDARD = "gnu++20";
				CLANG_ENABLE_MODULES = YES;
				CLANG_ENABLE_OBJC_ARC = YES;
				CLANG_ENABLE_OBJC_WEAK = YES;
				CLANG_WARN_BLOCK_CAPTURE_AUTORELEASING = YES;
				CLANG_WARN_BOOL_CONVERSION = YES;
				CLANG_WARN_COMMA = YES;
				CLANG_WARN_CONSTANT_CONVERSION = YES;
				CLANG_WARN_DEPRECATED_OBJC_IMPLEMENTATIONS = YES;
				CLANG_WARN_DIRECT_OBJC_ISA_USAGE = YES_ERROR;
				CLANG_WARN_DOCUMENTATION_COMMENTS = YES;
				CLANG_WARN_EMPTY_BODY = YES;
				CLANG_WARN_ENUM_CONVERSION = YES;
				CLANG_WARN_INFINITE_RECURSION = YES;
				CLANG_WARN_INT_CONVERSION = YES;
				CLANG_WARN_NON_LITERAL_NULL_CONVERSION = YES;
				CLANG_WARN_OBJC_IMPLICIT_RETAIN_SELF = YES;
				CLANG_WARN_OBJC_LITERAL_CONVERSION = YES;
				CLANG_WARN_OBJC_ROOT_CLASS = YES_ERROR;
				CLANG_WARN_QUOTED_INCLUDE_IN_FRAMEWORK_HEADER = YES;
				CLANG_WARN_RANGE_LOOP_ANALYSIS = YES;
				CLANG_WARN_STRICT_PROTOTYPES = YES;
				CLANG_WARN_SUSPICIOUS_MOVE = YES;
				CLANG_WARN_UNGUARDED_AVAILABILITY = YES_AGGRESSIVE;
				CLANG_WARN_UNREACHABLE_CODE = YES;
				CLANG_WARN__DUPLICATE_METHOD_MATCH = YES;
				COPY_PHASE_STRIP = NO;
				DEBUG_INFORMATION_FORMAT = "dwarf-with-dsym";
				ENABLE_NS_ASSERTIONS = NO;
				ENABLE_STRICT_OBJC_MSGSEND = YES;
				GCC_C_LANGUAGE_STANDARD = gnu11;
				GCC_NO_COMMON_BLOCKS = YES;
				GCC_WARN_64_TO_32_BIT_CONVERSION = YES;
				GCC_WARN_ABOUT_RETURN_TYPE = YES_ERROR;
				GCC_WARN_UNDECLARED_SELECTOR = YES;
				GCC_WARN_UNINITIALIZED_AUTOS = YES_AGGRESSIVE;
				GCC_WARN_UNUSED_FUNCTION = YES;
				GCC_WARN_UNUSED_VARIABLE = YES;
				IPHONEOS_DEPLOYMENT_TARGET = 16.0;
				MTL_ENABLE_DEBUG_INFO = NO;
				MTL_FAST_MATH = YES;
				SDKROOT = iphoneos;
				SWIFT_COMPILATION_MODE = wholemodule;
				SWIFT_OPTIMIZATION_LEVEL = "-O";
				VALIDATE_PRODUCT = YES;
			};
			name = Release;
		};
		B729B29B2A092B3D00652FC3 /* Debug */ = {
			isa = XCBuildConfiguration;
			buildSettings = {
				ASSETCATALOG_COMPILER_APPICON_NAME = AppIcon;
				ASSETCATALOG_COMPILER_GLOBAL_ACCENT_COLOR_NAME = AccentColor;
				CODE_SIGN_STYLE = Automatic;
				CURRENT_PROJECT_VERSION = 1;
				DEVELOPMENT_ASSET_PATHS = "\"SwiftChartsExamples/Preview Content\"";
				ENABLE_PREVIEWS = YES;
				GENERATE_INFOPLIST_FILE = YES;
				INFOPLIST_KEY_UIApplicationSceneManifest_Generation = YES;
				INFOPLIST_KEY_UIApplicationSupportsIndirectInputEvents = YES;
				INFOPLIST_KEY_UILaunchScreen_Generation = YES;
				INFOPLIST_KEY_UISupportedInterfaceOrientations_iPad = "UIInterfaceOrientationPortrait UIInterfaceOrientationPortraitUpsideDown UIInterfaceOrientationLandscapeLeft UIInterfaceOrientationLandscapeRight";
				INFOPLIST_KEY_UISupportedInterfaceOrientations_iPhone = "UIInterfaceOrientationPortrait UIInterfaceOrientationLandscapeLeft UIInterfaceOrientationLandscapeRight";
				LD_RUNPATH_SEARCH_PATHS = (
					"$(inherited)",
					"@executable_path/Frameworks",
				);
				MARKETING_VERSION = 1.0;
				PRODUCT_BUNDLE_IDENTIFIER = identifier.SwiftChartsExamples;
				PRODUCT_NAME = "$(TARGET_NAME)";
				SWIFT_EMIT_LOC_STRINGS = YES;
				SWIFT_VERSION = 5.0;
				TARGETED_DEVICE_FAMILY = "1,2";
			};
			name = Debug;
		};
		B729B29C2A092B3D00652FC3 /* Release */ = {
			isa = XCBuildConfiguration;
			buildSettings = {
				ASSETCATALOG_COMPILER_APPICON_NAME = AppIcon;
				ASSETCATALOG_COMPILER_GLOBAL_ACCENT_COLOR_NAME = AccentColor;
				CODE_SIGN_STYLE = Automatic;
				CURRENT_PROJECT_VERSION = 1;
				DEVELOPMENT_ASSET_PATHS = "\"SwiftChartsExamples/Preview Content\"";
				ENABLE_PREVIEWS = YES;
				GENERATE_INFOPLIST_FILE = YES;
				INFOPLIST_KEY_UIApplicationSceneManifest_Generation = YES;
				INFOPLIST_KEY_UIApplicationSupportsIndirectInputEvents = YES;
				INFOPLIST_KEY_UILaunchScreen_Generation = YES;
				INFOPLIST_KEY_UISupportedInterfaceOrientations_iPad = "UIInterfaceOrientationPortrait UIInterfaceOrientationPortraitUpsideDown UIInterfaceOrientationLandscapeLeft UIInterfaceOrientationLandscapeRight";
				INFOPLIST_KEY_UISupportedInterfaceOrientations_iPhone = "UIInterfaceOrientationPortrait UIInterfaceOrientationLandscapeLeft UIInterfaceOrientationLandscapeRight";
				LD_RUNPATH_SEARCH_PATHS = (
					"$(inherited)",
					"@executable_path/Frameworks",
				);
				MARKETING_VERSION = 1.0;
				PRODUCT_BUNDLE_IDENTIFIER = identifier.SwiftChartsExamples;
				PRODUCT_NAME = "$(TARGET_NAME)";
				SWIFT_EMIT_LOC_STRINGS = YES;
				SWIFT_VERSION = 5.0;
				TARGETED_DEVICE_FAMILY = "1,2";
			};
			name = Release;
		};
/* End XCBuildConfiguration section */

/* Begin XCConfigurationList section */
		B729B2872A092B3C00652FC3 /* Build configuration list for PBXProject "SwiftChartsExamples" */ = {
			isa = XCConfigurationList;
			buildConfigurations = (
				B729B2982A092B3D00652FC3 /* Debug */,
				B729B2992A092B3D00652FC3 /* Release */,
			);
			defaultConfigurationIsVisible = 0;
			defaultConfigurationName = Release;
		};
		B729B29A2A092B3D00652FC3 /* Build configuration list for PBXNativeTarget "SwiftChartsExamples" */ = {
			isa = XCConfigurationList;
			buildConfigurations = (
				B729B29B2A092B3D00652FC3 /* Debug */,
				B729B29C2A092B3D00652FC3 /* Release */,
			);
			defaultConfigurationIsVisible = 0;
			defaultConfigurationName = Release;
		};
/* End XCConfigurationList section */
	};
	rootObject = B729B2842A092B3C00652FC3 /* Project object */;
}
